
Microsoft Visual Studio Solution File, Format Version 12.00
# Visual Studio Version 17
VisualStudioVersion = 17.7.34221.43
MinimumVisualStudioVersion = 10.0.40219.1
Project("{FAE04EC0-301F-11D3-BF4B-00C04F79EFBC}") = "DrawSystem", "DrawSystem.csproj", "{7C8509A0-8F80-4BFC-9AA2-31A9DC77633A}"
EndProject
Global
	GlobalSection(SolutionConfigurationPlatforms) = preSolution
		Debug|Any CPU = Debug|Any CPU
		Release|Any CPU = Release|Any CPU
	EndGlobalSection
	GlobalSection(ProjectConfigurationPlatforms) = postSolution
		{7C8509A0-8F80-4BFC-9AA2-31A9DC77633A}.Debug|Any CPU.ActiveCfg = Debug|Any CPU
		{7C8509A0-8F80-4BFC-9AA2-31A9DC77633A}.Debug|Any CPU.Build.0 = Debug|Any CPU
		{7C8509A0-8F80-4BFC-9AA2-31A9DC77633A}.Debug|Any CPU.Deploy.0 = Debug|Any CPU
		{7C8509A0-8F80-4BFC-9AA2-31A9DC77633A}.Release|Any CPU.ActiveCfg = Release|Any CPU
		{7C8509A0-8F80-4BFC-9AA2-31A9DC77633A}.Release|Any CPU.Build.0 = Release|Any CPU
		{7C8509A0-8F80-4BFC-9AA2-31A9DC77633A}.Release|Any CPU.Deploy.0 = Release|Any CPU
	EndGlobalSection
	GlobalSection(SolutionProperties) = preSolution
		HideSolutionNode = FALSE
	EndGlobalSection
	GlobalSection(ExtensibilityGlobals) = postSolution
		SolutionGuid = {640EC296-6DB0-4F92-BE12-835D197C0B06}
	EndGlobalSection
EndGlobal
